
Microsoft Visual Studio Solution File, Format Version 12.00
# Visual Studio 2015
Project("{FAE04EC0-301F-11D3-BF4B-00C04F79EFBC}") = "Space Simulator.CSharp", "Space Simulator.CSharp.csproj", "{D8688C4C-1C91-6FF1-411F-9881E4C0F1B6}"
EndProject
Global
	GlobalSection(SolutionConfigurationPlatforms) = preSolution
		Debug|Any CPU = Debug|Any CPU
		Release|Any CPU = Release|Any CPU
	EndGlobalSection
	GlobalSection(ProjectConfigurationPlatforms) = postSolution
		{D8688C4C-1C91-6FF1-411F-9881E4C0F1B6}.Debug|Any CPU.ActiveCfg = Debug|Any CPU
		{D8688C4C-1C91-6FF1-411F-9881E4C0F1B6}.Debug|Any CPU.Build.0 = Debug|Any CPU
		{D8688C4C-1C91-6FF1-411F-9881E4C0F1B6}.Release|Any CPU.ActiveCfg = Release|Any CPU
		{D8688C4C-1C91-6FF1-411F-9881E4C0F1B6}.Release|Any CPU.Build.0 = Release|Any CPU
	EndGlobalSection
	GlobalSection(SolutionProperties) = preSolution
		HideSolutionNode = FALSE
	EndGlobalSection
EndGlobal
